// !$*UTF8*$!
{
	archiveVersion = 1;
	classes = {
	};
	objectVersion = 77;
	objects = {

/* Begin PBXContainerItemProxy section */
		DFF4E02E2CC7FD9000699338 /* PBXContainerItemProxy */ = {
			isa = PBXContainerItemProxy;
			containerPortal = DFF4E0152CC7FD8E00699338 /* Project object */;
			proxyType = 1;
			remoteGlobalIDString = DFF4E01C2CC7FD8E00699338;
			remoteInfo = RecycML;
		};
		DFF4E0382CC7FD9000699338 /* PBXContainerItemProxy */ = {
			isa = PBXContainerItemProxy;
			containerPortal = DFF4E0152CC7FD8E00699338 /* Project object */;
			proxyType = 1;
			remoteGlobalIDString = DFF4E01C2CC7FD8E00699338;
			remoteInfo = RecycML;
		};
/* End PBXContainerItemProxy section */

/* Begin PBXFileReference section */
		DFF4E01D2CC7FD8E00699338 /* RecycML.app */ = {isa = PBXFileReference; explicitFileType = wrapper.application; includeInIndex = 0; path = RecycML.app; sourceTree = BUILT_PRODUCTS_DIR; };
		DFF4E02D2CC7FD9000699338 /* RecycMLTests.xctest */ = {isa = PBXFileReference; explicitFileType = wrapper.cfbundle; includeInIndex = 0; path = RecycMLTests.xctest; sourceTree = BUILT_PRODUCTS_DIR; };
		DFF4E0372CC7FD9000699338 /* RecycMLUITests.xctest */ = {isa = PBXFileReference; explicitFileType = wrapper.cfbundle; includeInIndex = 0; path = RecycMLUITests.xctest; sourceTree = BUILT_PRODUCTS_DIR; };
/* End PBXFileReference section */

/* Begin PBXFileSystemSynchronizedRootGroup section */
		DFF4E01F2CC7FD8E00699338 /* RecycML */ = {
			isa = PBXFileSystemSynchronizedRootGroup;
			path = RecycML;
			sourceTree = "<group>";
		};
		DFF4E0302CC7FD9000699338 /* RecycMLTests */ = {
			isa = PBXFileSystemSynchronizedRootGroup;
			path = RecycMLTests;
			sourceTree = "<group>";
		};
		DFF4E03A2CC7FD9000699338 /* RecycMLUITests */ = {
			isa = PBXFileSystemSynchronizedRootGroup;
			path = RecycMLUITests;
			sourceTree = "<group>";
		};
/* End PBXFileSystemSynchronizedRootGroup section */

/* Begin PBXFrameworksBuildPhase section */
		DFF4E01A2CC7FD8E00699338 /* Frameworks */ = {
			isa = PBXFrameworksBuildPhase;
			buildActionMask = 2147483647;
			files = (
			);
			runOnlyForDeploymentPostprocessing = 0;
		};
		DFF4E02A2CC7FD9000699338 /* Frameworks */ = {
			isa = PBXFrameworksBuildPhase;
			buildActionMask = 2147483647;
			files = (
			);
			runOnlyForDeploymentPostprocessing = 0;
		};
		DFF4E0342CC7FD9000699338 /* Frameworks */ = {
			isa = PBXFrameworksBuildPhase;
			buildActionMask = 2147483647;
			files = (
			);
			runOnlyForDeploymentPostprocessing = 0;
		};
/* End PBXFrameworksBuildPhase section */

/* Begin PBXGroup section */
		DFF4E0142CC7FD8E00699338 = {
			isa = PBXGroup;
			children = (
				DFF4E01F2CC7FD8E00699338 /* RecycML */,
				DFF4E0302CC7FD9000699338 /* RecycMLTests */,
				DFF4E03A2CC7FD9000699338 /* RecycMLUITests */,
				DFF4E01E2CC7FD8E00699338 /* Products */,
			);
			sourceTree = "<group>";
		};
		DFF4E01E2CC7FD8E00699338 /* Products */ = {
			isa = PBXGroup;
			children = (
				DFF4E01D2CC7FD8E00699338 /* RecycML.app */,
				DFF4E02D2CC7FD9000699338 /* RecycMLTests.xctest */,
				DFF4E0372CC7FD9000699338 /* RecycMLUITests.xctest */,
			);
			name = Products;
			sourceTree = "<group>";
		};
/* End PBXGroup section */

/* Begin PBXNativeTarget section */
		DFF4E01C2CC7FD8E00699338 /* RecycML */ = {
			isa = PBXNativeTarget;
			buildConfigurationList = DFF4E0412CC7FD9000699338 /* Build configuration list for PBXNativeTarget "RecycML" */;
			buildPhases = (
				DFF4E0192CC7FD8E00699338 /* Sources */,
				DFF4E01A2CC7FD8E00699338 /* Frameworks */,
				DFF4E01B2CC7FD8E00699338 /* Resources */,
			);
			buildRules = (
			);
			dependencies = (
			);
			fileSystemSynchronizedGroups = (
				DFF4E01F2CC7FD8E00699338 /* RecycML */,
			);
			name = RecycML;
			packageProductDependencies = (
			);
			productName = RecycML;
			productReference = DFF4E01D2CC7FD8E00699338 /* RecycML.app */;
			productType = "com.apple.product-type.application";
		};
		DFF4E02C2CC7FD9000699338 /* RecycMLTests */ = {
			isa = PBXNativeTarget;
			buildConfigurationList = DFF4E0442CC7FD9000699338 /* Build configuration list for PBXNativeTarget "RecycMLTests" */;
			buildPhases = (
				DFF4E0292CC7FD9000699338 /* Sources */,
				DFF4E02A2CC7FD9000699338 /* Frameworks */,
				DFF4E02B2CC7FD9000699338 /* Resources */,
			);
			buildRules = (
			);
			dependencies = (
				DFF4E02F2CC7FD9000699338 /* PBXTargetDependency */,
			);
			fileSystemSynchronizedGroups = (
				DFF4E0302CC7FD9000699338 /* RecycMLTests */,
			);
			name = RecycMLTests;
			packageProductDependencies = (
			);
			productName = RecycMLTests;
			productReference = DFF4E02D2CC7FD9000699338 /* RecycMLTests.xctest */;
			productType = "com.apple.product-type.bundle.unit-test";
		};
		DFF4E0362CC7FD9000699338 /* RecycMLUITests */ = {
			isa = PBXNativeTarget;
			buildConfigurationList = DFF4E0472CC7FD9000699338 /* Build configuration list for PBXNativeTarget "RecycMLUITests" */;
			buildPhases = (
				DFF4E0332CC7FD9000699338 /* Sources */,
				DFF4E0342CC7FD9000699338 /* Frameworks */,
				DFF4E0352CC7FD9000699338 /* Resources */,
			);
			buildRules = (
			);
			dependencies = (
				DFF4E0392CC7FD9000699338 /* PBXTargetDependency */,
			);
			fileSystemSynchronizedGroups = (
				DFF4E03A2CC7FD9000699338 /* RecycMLUITests */,
			);
			name = RecycMLUITests;
			packageProductDependencies = (
			);
			productName = RecycMLUITests;
			productReference = DFF4E0372CC7FD9000699338 /* RecycMLUITests.xctest */;
			productType = "com.apple.product-type.bundle.ui-testing";
		};
/* End PBXNativeTarget section */

/* Begin PBXProject section */
		DFF4E0152CC7FD8E00699338 /* Project object */ = {
			isa = PBXProject;
			attributes = {
				BuildIndependentTargetsInParallel = 1;
				LastSwiftUpdateCheck = 1600;
				LastUpgradeCheck = 1600;
				TargetAttributes = {
					DFF4E01C2CC7FD8E00699338 = {
						CreatedOnToolsVersion = 16.0;
					};
					DFF4E02C2CC7FD9000699338 = {
						CreatedOnToolsVersion = 16.0;
						TestTargetID = DFF4E01C2CC7FD8E00699338;
					};
					DFF4E0362CC7FD9000699338 = {
						CreatedOnToolsVersion = 16.0;
						TestTargetID = DFF4E01C2CC7FD8E00699338;
					};
				};
			};
			buildConfigurationList = DFF4E0182CC7FD8E00699338 /* Build configuration list for PBXProject "RecycML" */;
			developmentRegion = en;
			hasScannedForEncodings = 0;
			knownRegions = (
				en,
				Base,
			);
			mainGroup = DFF4E0142CC7FD8E00699338;
			minimizedProjectReferenceProxies = 1;
			preferredProjectObjectVersion = 77;
			productRefGroup = DFF4E01E2CC7FD8E00699338 /* Products */;
			projectDirPath = "";
			projectRoot = "";
			targets = (
				DFF4E01C2CC7FD8E00699338 /* RecycML */,
				DFF4E02C2CC7FD9000699338 /* RecycMLTests */,
				DFF4E0362CC7FD9000699338 /* RecycMLUITests */,
			);
		};
/* End PBXProject section */

/* Begin PBXResourcesBuildPhase section */
		DFF4E01B2CC7FD8E00699338 /* Resources */ = {
			isa = PBXResourcesBuildPhase;
			buildActionMask = 2147483647;
			files = (
			);
			runOnlyForDeploymentPostprocessing = 0;
		};
		DFF4E02B2CC7FD9000699338 /* Resources */ = {
			isa = PBXResourcesBuildPhase;
			buildActionMask = 2147483647;
			files = (
			);
			runOnlyForDeploymentPostprocessing = 0;
		};
		DFF4E0352CC7FD9000699338 /* Resources */ = {
			isa = PBXResourcesBuildPhase;
			buildActionMask = 2147483647;
			files = (
			);
			runOnlyForDeploymentPostprocessing = 0;
		};
/* End PBXResourcesBuildPhase section */

/* Begin PBXSourcesBuildPhase section */
		DFF4E0192CC7FD8E00699338 /* Sources */ = {
			isa = PBXSourcesBuildPhase;
			buildActionMask = 2147483647;
			files = (
			);
			runOnlyForDeploymentPostprocessing = 0;
		};
		DFF4E0292CC7FD9000699338 /* Sources */ = {
			isa = PBXSourcesBuildPhase;
			buildActionMask = 2147483647;
			files = (
			);
			runOnlyForDeploymentPostprocessing = 0;
		};
		DFF4E0332CC7FD9000699338 /* Sources */ = {
			isa = PBXSourcesBuildPhase;
			buildActionMask = 2147483647;
			files = (
			);
			runOnlyForDeploymentPostprocessing = 0;
		};
/* End PBXSourcesBuildPhase section */

/* Begin PBXTargetDependency section */
		DFF4E02F2CC7FD9000699338 /* PBXTargetDependency */ = {
			isa = PBXTargetDependency;
			target = DFF4E01C2CC7FD8E00699338 /* RecycML */;
			targetProxy = DFF4E02E2CC7FD9000699338 /* PBXContainerItemProxy */;
		};
		DFF4E0392CC7FD9000699338 /* PBXTargetDependency */ = {
			isa = PBXTargetDependency;
			target = DFF4E01C2CC7FD8E00699338 /* RecycML */;
			targetProxy = DFF4E0382CC7FD9000699338 /* PBXContainerItemProxy */;
		};
/* End PBXTargetDependency section */

/* Begin XCBuildConfiguration section */
		DFF4E03F2CC7FD9000699338 /* Debug */ = {
			isa = XCBuildConfiguration;
			buildSettings = {
				ALWAYS_SEARCH_USER_PATHS = NO;
				ASSETCATALOG_COMPILER_GENERATE_SWIFT_ASSET_SYMBOL_EXTENSIONS = YES;
				CLANG_ANALYZER_NONNULL = YES;
				CLANG_ANALYZER_NUMBER_OBJECT_CONVERSION = YES_AGGRESSIVE;
				CLANG_CXX_LANGUAGE_STANDARD = "gnu++20";
				CLANG_ENABLE_MODULES = YES;
				CLANG_ENABLE_OBJC_ARC = YES;
				CLANG_ENABLE_OBJC_WEAK = YES;
				CLANG_WARN_BLOCK_CAPTURE_AUTORELEASING = YES;
				CLANG_WARN_BOOL_CONVERSION = YES;
				CLANG_WARN_COMMA = YES;
				CLANG_WARN_CONSTANT_CONVERSION = YES;
				CLANG_WARN_DEPRECATED_OBJC_IMPLEMENTATIONS = YES;
				CLANG_WARN_DIRECT_OBJC_ISA_USAGE = YES_ERROR;
				CLANG_WARN_DOCUMENTATION_COMMENTS = YES;
				CLANG_WARN_EMPTY_BODY = YES;
				CLANG_WARN_ENUM_CONVERSION = YES;
				CLANG_WARN_INFINITE_RECURSION = YES;
				CLANG_WARN_INT_CONVERSION = YES;
				CLANG_WARN_NON_LITERAL_NULL_CONVERSION = YES;
				CLANG_WARN_OBJC_IMPLICIT_RETAIN_SELF = YES;
				CLANG_WARN_OBJC_LITERAL_CONVERSION = YES;
				CLANG_WARN_OBJC_ROOT_CLASS = YES_ERROR;
				CLANG_WARN_QUOTED_INCLUDE_IN_FRAMEWORK_HEADER = YES;
				CLANG_WARN_RANGE_LOOP_ANALYSIS = YES;
				CLANG_WARN_STRICT_PROTOTYPES = YES;
				CLANG_WARN_SUSPICIOUS_MOVE = YES;
				CLANG_WARN_UNGUARDED_AVAILABILITY = YES_AGGRESSIVE;
				CLANG_WARN_UNREACHABLE_CODE = YES;
				CLANG_WARN__DUPLICATE_METHOD_MATCH = YES;
				COPY_PHASE_STRIP = NO;
				DEBUG_INFORMATION_FORMAT = dwarf;
				ENABLE_STRICT_OBJC_MSGSEND = YES;
				ENABLE_TESTABILITY = YES;
				ENABLE_USER_SCRIPT_SANDBOXING = YES;
				GCC_C_LANGUAGE_STANDARD = gnu17;
				GCC_DYNAMIC_NO_PIC = NO;
				GCC_NO_COMMON_BLOCKS = YES;
				GCC_OPTIMIZATION_LEVEL = 0;
				GCC_PREPROCESSOR_DEFINITIONS = (
					"DEBUG=1",
					"$(inherited)",
				);
				GCC_WARN_64_TO_32_BIT_CONVERSION = YES;
				GCC_WARN_ABOUT_RETURN_TYPE = YES_ERROR;
				GCC_WARN_UNDECLARED_SELECTOR = YES;
				GCC_WARN_UNINITIALIZED_AUTOS = YES_AGGRESSIVE;
				GCC_WARN_UNUSED_FUNCTION = YES;
				GCC_WARN_UNUSED_VARIABLE = YES;
				IPHONEOS_DEPLOYMENT_TARGET = 18.0;
				LOCALIZATION_PREFERS_STRING_CATALOGS = YES;
				MTL_ENABLE_DEBUG_INFO = INCLUDE_SOURCE;
				MTL_FAST_MATH = YES;
				ONLY_ACTIVE_ARCH = YES;
				SDKROOT = iphoneos;
				SWIFT_ACTIVE_COMPILATION_CONDITIONS = "DEBUG $(inherited)";
				SWIFT_OPTIMIZATION_LEVEL = "-Onone";
			};
			name = Debug;
		};
		DFF4E0402CC7FD9000699338 /* Release */ = {
			isa = XCBuildConfiguration;
			buildSettings = {
				ALWAYS_SEARCH_USER_PATHS = NO;
				ASSETCATALOG_COMPILER_GENERATE_SWIFT_ASSET_SYMBOL_EXTENSIONS = YES;
				CLANG_ANALYZER_NONNULL = YES;
				CLANG_ANALYZER_NUMBER_OBJECT_CONVERSION = YES_AGGRESSIVE;
				CLANG_CXX_LANGUAGE_STANDARD = "gnu++20";
				CLANG_ENABLE_MODULES = YES;
				CLANG_ENABLE_OBJC_ARC = YES;
				CLANG_ENABLE_OBJC_WEAK = YES;
				CLANG_WARN_BLOCK_CAPTURE_AUTORELEASING = YES;
				CLANG_WARN_BOOL_CONVERSION = YES;
				CLANG_WARN_COMMA = YES;
				CLANG_WARN_CONSTANT_CONVERSION = YES;
				CLANG_WARN_DEPRECATED_OBJC_IMPLEMENTATIONS = YES;
				CLANG_WARN_DIRECT_OBJC_ISA_USAGE = YES_ERROR;
				CLANG_WARN_DOCUMENTATION_COMMENTS = YES;
				CLANG_WARN_EMPTY_BODY = YES;
				CLANG_WARN_ENUM_CONVERSION = YES;
				CLANG_WARN_INFINITE_RECURSION = YES;
				CLANG_WARN_INT_CONVERSION = YES;
				CLANG_WARN_NON_LITERAL_NULL_CONVERSION = YES;
				CLANG_WARN_OBJC_IMPLICIT_RETAIN_SELF = YES;
				CLANG_WARN_OBJC_LITERAL_CONVERSION = YES;
				CLANG_WARN_OBJC_ROOT_CLASS = YES_ERROR;
				CLANG_WARN_QUOTED_INCLUDE_IN_FRAMEWORK_HEADER = YES;
				CLANG_WARN_RANGE_LOOP_ANALYSIS = YES;
				CLANG_WARN_STRICT_PROTOTYPES = YES;
				CLANG_WARN_SUSPICIOUS_MOVE = YES;
				CLANG_WARN_UNGUARDED_AVAILABILITY = YES_AGGRESSIVE;
				CLANG_WARN_UNREACHABLE_CODE = YES;
				CLANG_WARN__DUPLICATE_METHOD_MATCH = YES;
				COPY_PHASE_STRIP = NO;
				DEBUG_INFORMATION_FORMAT = "dwarf-with-dsym";
				ENABLE_NS_ASSERTIONS = NO;
				ENABLE_STRICT_OBJC_MSGSEND = YES;
				ENABLE_USER_SCRIPT_SANDBOXING = YES;
				GCC_C_LANGUAGE_STANDARD = gnu17;
				GCC_NO_COMMON_BLOCKS = YES;
				GCC_WARN_64_TO_32_BIT_CONVERSION = YES;
				GCC_WARN_ABOUT_RETURN_TYPE = YES_ERROR;
				GCC_WARN_UNDECLARED_SELECTOR = YES;
				GCC_WARN_UNINITIALIZED_AUTOS = YES_AGGRESSIVE;
				GCC_WARN_UNUSED_FUNCTION = YES;
				GCC_WARN_UNUSED_VARIABLE = YES;
				IPHONEOS_DEPLOYMENT_TARGET = 18.0;
				LOCALIZATION_PREFERS_STRING_CATALOGS = YES;
				MTL_ENABLE_DEBUG_INFO = NO;
				MTL_FAST_MATH = YES;
				SDKROOT = iphoneos;
				SWIFT_COMPILATION_MODE = wholemodule;
				VALIDATE_PRODUCT = YES;
			};
			name = Release;
		};
		DFF4E0422CC7FD9000699338 /* Debug */ = {
			isa = XCBuildConfiguration;
			buildSettings = {
				ASSETCATALOG_COMPILER_APPICON_NAME = AppIcon;
				ASSETCATALOG_COMPILER_GLOBAL_ACCENT_COLOR_NAME = AccentColor;
				CODE_SIGN_STYLE = Automatic;
				CURRENT_PROJECT_VERSION = 1;
				DEVELOPMENT_ASSET_PATHS = "\"RecycML/Preview Content\"";
				DEVELOPMENT_TEAM = Q2628C9Y37;
				ENABLE_PREVIEWS = YES;
				GENERATE_INFOPLIST_FILE = YES;
				INFOPLIST_KEY_UIApplicationSceneManifest_Generation = YES;
				INFOPLIST_KEY_UIApplicationSupportsIndirectInputEvents = YES;
				INFOPLIST_KEY_UILaunchScreen_Generation = YES;
				INFOPLIST_KEY_UISupportedInterfaceOrientations_iPad = "UIInterfaceOrientationPortrait UIInterfaceOrientationPortraitUpsideDown UIInterfaceOrientationLandscapeLeft UIInterfaceOrientationLandscapeRight";
				INFOPLIST_KEY_UISupportedInterfaceOrientations_iPhone = "UIInterfaceOrientationPortrait UIInterfaceOrientationLandscapeLeft UIInterfaceOrientationLandscapeRight";
				LD_RUNPATH_SEARCH_PATHS = (
					"$(inherited)",
					"@executable_path/Frameworks",
				);
				MARKETING_VERSION = 1.0;
				PRODUCT_BUNDLE_IDENTIFIER = bleek.RecycML;
				PRODUCT_NAME = "$(TARGET_NAME)";
				SWIFT_EMIT_LOC_STRINGS = YES;
				SWIFT_VERSION = 5.0;
				TARGETED_DEVICE_FAMILY = "1,2";
			};
			name = Debug;
		};
		DFF4E0432CC7FD9000699338 /* Release */ = {
			isa = XCBuildConfiguration;
			buildSettings = {
				ASSETCATALOG_COMPILER_APPICON_NAME = AppIcon;
				ASSETCATALOG_COMPILER_GLOBAL_ACCENT_COLOR_NAME = AccentColor;
				CODE_SIGN_STYLE = Automatic;
				CURRENT_PROJECT_VERSION = 1;
				DEVELOPMENT_ASSET_PATHS = "\"RecycML/Preview Content\"";
				DEVELOPMENT_TEAM = Q2628C9Y37;
				ENABLE_PREVIEWS = YES;
				GENERATE_INFOPLIST_FILE = YES;
				INFOPLIST_KEY_UIApplicationSceneManifest_Generation = YES;
				INFOPLIST_KEY_UIApplicationSupportsIndirectInputEvents = YES;
				INFOPLIST_KEY_UILaunchScreen_Generation = YES;
				INFOPLIST_KEY_UISupportedInterfaceOrientations_iPad = "UIInterfaceOrientationPortrait UIInterfaceOrientationPortraitUpsideDown UIInterfaceOrientationLandscapeLeft UIInterfaceOrientationLandscapeRight";
				INFOPLIST_KEY_UISupportedInterfaceOrientations_iPhone = "UIInterfaceOrientationPortrait UIInterfaceOrientationLandscapeLeft UIInterfaceOrientationLandscapeRight";
				LD_RUNPATH_SEARCH_PATHS = (
					"$(inherited)",
					"@executable_path/Frameworks",
				);
				MARKETING_VERSION = 1.0;
				PRODUCT_BUNDLE_IDENTIFIER = bleek.RecycML;
				PRODUCT_NAME = "$(TARGET_NAME)";
				SWIFT_EMIT_LOC_STRINGS = YES;
				SWIFT_VERSION = 5.0;
				TARGETED_DEVICE_FAMILY = "1,2";
			};
			name = Release;
		};
		DFF4E0452CC7FD9000699338 /* Debug */ = {
			isa = XCBuildConfiguration;
			buildSettings = {
				BUNDLE_LOADER = "$(TEST_HOST)";
				CODE_SIGN_STYLE = Automatic;
				CURRENT_PROJECT_VERSION = 1;
				DEVELOPMENT_TEAM = Q2628C9Y37;
				GENERATE_INFOPLIST_FILE = YES;
				IPHONEOS_DEPLOYMENT_TARGET = 18.0;
				MARKETING_VERSION = 1.0;
				PRODUCT_BUNDLE_IDENTIFIER = bleek.RecycMLTests;
				PRODUCT_NAME = "$(TARGET_NAME)";
				SWIFT_EMIT_LOC_STRINGS = NO;
				SWIFT_VERSION = 5.0;
				TARGETED_DEVICE_FAMILY = "1,2";
				TEST_HOST = "$(BUILT_PRODUCTS_DIR)/RecycML.app/$(BUNDLE_EXECUTABLE_FOLDER_PATH)/RecycML";
			};
			name = Debug;
		};
		DFF4E0462CC7FD9000699338 /* Release */ = {
			isa = XCBuildConfiguration;
			buildSettings = {
				BUNDLE_LOADER = "$(TEST_HOST)";
				CODE_SIGN_STYLE = Automatic;
				CURRENT_PROJECT_VERSION = 1;
				DEVELOPMENT_TEAM = Q2628C9Y37;
				GENERATE_INFOPLIST_FILE = YES;
				IPHONEOS_DEPLOYMENT_TARGET = 18.0;
				MARKETING_VERSION = 1.0;
				PRODUCT_BUNDLE_IDENTIFIER = bleek.RecycMLTests;
				PRODUCT_NAME = "$(TARGET_NAME)";
				SWIFT_EMIT_LOC_STRINGS = NO;
				SWIFT_VERSION = 5.0;
				TARGETED_DEVICE_FAMILY = "1,2";
				TEST_HOST = "$(BUILT_PRODUCTS_DIR)/RecycML.app/$(BUNDLE_EXECUTABLE_FOLDER_PATH)/RecycML";
			};
			name = Release;
		};
		DFF4E0482CC7FD9000699338 /* Debug */ = {
			isa = XCBuildConfiguration;
			buildSettings = {
				CODE_SIGN_STYLE = Automatic;
				CURRENT_PROJECT_VERSION = 1;
				DEVELOPMENT_TEAM = Q2628C9Y37;
				GENERATE_INFOPLIST_FILE = YES;
				MARKETING_VERSION = 1.0;
				PRODUCT_BUNDLE_IDENTIFIER = bleek.RecycMLUITests;
				PRODUCT_NAME = "$(TARGET_NAME)";
				SWIFT_EMIT_LOC_STRINGS = NO;
				SWIFT_VERSION = 5.0;
				TARGETED_DEVICE_FAMILY = "1,2";
				TEST_TARGET_NAME = RecycML;
			};
			name = Debug;
		};
		DFF4E0492CC7FD9000699338 /* Release */ = {
			isa = XCBuildConfiguration;
			buildSettings = {
				CODE_SIGN_STYLE = Automatic;
				CURRENT_PROJECT_VERSION = 1;
				DEVELOPMENT_TEAM = Q2628C9Y37;
				GENERATE_INFOPLIST_FILE = YES;
				MARKETING_VERSION = 1.0;
				PRODUCT_BUNDLE_IDENTIFIER = bleek.RecycMLUITests;
				PRODUCT_NAME = "$(TARGET_NAME)";
				SWIFT_EMIT_LOC_STRINGS = NO;
				SWIFT_VERSION = 5.0;
				TARGETED_DEVICE_FAMILY = "1,2";
				TEST_TARGET_NAME = RecycML;
			};
			name = Release;
		};
/* End XCBuildConfiguration section */

/* Begin XCConfigurationList section */
		DFF4E0182CC7FD8E00699338 /* Build configuration list for PBXProject "RecycML" */ = {
			isa = XCConfigurationList;
			buildConfigurations = (
				DFF4E03F2CC7FD9000699338 /* Debug */,
				DFF4E0402CC7FD9000699338 /* Release */,
			);
			defaultConfigurationIsVisible = 0;
			defaultConfigurationName = Release;
		};
		DFF4E0412CC7FD9000699338 /* Build configuration list for PBXNativeTarget "RecycML" */ = {
			isa = XCConfigurationList;
			buildConfigurations = (
				DFF4E0422CC7FD9000699338 /* Debug */,
				DFF4E0432CC7FD9000699338 /* Release */,
			);
			defaultConfigurationIsVisible = 0;
			defaultConfigurationName = Release;
		};
		DFF4E0442CC7FD9000699338 /* Build configuration list for PBXNativeTarget "RecycMLTests" */ = {
			isa = XCConfigurationList;
			buildConfigurations = (
				DFF4E0452CC7FD9000699338 /* Debug */,
				DFF4E0462CC7FD9000699338 /* Release */,
			);
			defaultConfigurationIsVisible = 0;
			defaultConfigurationName = Release;
		};
		DFF4E0472CC7FD9000699338 /* Build configuration list for PBXNativeTarget "RecycMLUITests" */ = {
			isa = XCConfigurationList;
			buildConfigurations = (
				DFF4E0482CC7FD9000699338 /* Debug */,
				DFF4E0492CC7FD9000699338 /* Release */,
			);
			defaultConfigurationIsVisible = 0;
			defaultConfigurationName = Release;
		};
/* End XCConfigurationList section */
	};
	rootObject = DFF4E0152CC7FD8E00699338 /* Project object */;
}
